
Microsoft Visual Studio Solution File, Format Version 12.00
# Visual Studio Version 16
VisualStudioVersion = 16.0.31112.23
MinimumVisualStudioVersion = 10.0.40219.1
Project("{FAE04EC0-301F-11D3-BF4B-00C04F79EFBC}") = "Server", "Server\Server.csproj", "{67B7D0E8-F348-4034-809B-28A205B1E6DD}"
EndProject
Project("{FAE04EC0-301F-11D3-BF4B-00C04F79EFBC}") = "Client", "Client\Client.csproj", "{98989A26-B7BC-48D6-8850-7BF5F276E887}"
EndProject
Global
	GlobalSection(SolutionConfigurationPlatforms) = preSolution
		Debug|Any CPU = Debug|Any CPU
		Release|Any CPU = Release|Any CPU
	EndGlobalSection
	GlobalSection(ProjectConfigurationPlatforms) = postSolution
		{67B7D0E8-F348-4034-809B-28A205B1E6DD}.Debug|Any CPU.ActiveCfg = Debug|Any CPU
		{67B7D0E8-F348-4034-809B-28A205B1E6DD}.Debug|Any CPU.Build.0 = Debug|Any CPU
		{67B7D0E8-F348-4034-809B-28A205B1E6DD}.Release|Any CPU.ActiveCfg = Release|Any CPU
		{67B7D0E8-F348-4034-809B-28A205B1E6DD}.Release|Any CPU.Build.0 = Release|Any CPU
		{98989A26-B7BC-48D6-8850-7BF5F276E887}.Debug|Any CPU.ActiveCfg = Debug|Any CPU
		{98989A26-B7BC-48D6-8850-7BF5F276E887}.Debug|Any CPU.Build.0 = Debug|Any CPU
		{98989A26-B7BC-48D6-8850-7BF5F276E887}.Release|Any CPU.ActiveCfg = Release|Any CPU
		{98989A26-B7BC-48D6-8850-7BF5F276E887}.Release|Any CPU.Build.0 = Release|Any CPU
	EndGlobalSection
	GlobalSection(SolutionProperties) = preSolution
		HideSolutionNode = FALSE
	EndGlobalSection
	GlobalSection(ExtensibilityGlobals) = postSolution
		SolutionGuid = {7447724F-B4F6-4FCB-BE05-6DF4B47BCE1B}
	EndGlobalSection
EndGlobal
